
Microsoft Visual Studio Solution File, Format Version 12.00
# Visual Studio Version 17
VisualStudioVersion = 17.8.34511.84
MinimumVisualStudioVersion = 10.0.40219.1
Project("{FAE04EC0-301F-11D3-BF4B-00C04F79EFBC}") = "ApiVerificacionSuministroOrden", "ApiVerificacionSuministroOrden\ApiVerificacionSuministroOrden.csproj", "{0237B7FB-4166-4FDA-9A0B-9AC46285EF3E}"
EndProject
Project("{FAE04EC0-301F-11D3-BF4B-00C04F79EFBC}") = "TA03", "TA03\TA03.csproj", "{58DE0927-E153-4535-A251-4A197A543D98}"
EndProject
Project("{FAE04EC0-301F-11D3-BF4B-00C04F79EFBC}") = "IIML01", "IIML01\IIML01.csproj", "{FA8D28AF-92E6-4211-90C1-AEE8AA3A4D1A}"
EndProject
Global
	GlobalSection(SolutionConfigurationPlatforms) = preSolution
		Debug|Any CPU = Debug|Any CPU
		Release|Any CPU = Release|Any CPU
	EndGlobalSection
	GlobalSection(ProjectConfigurationPlatforms) = postSolution
		{0237B7FB-4166-4FDA-9A0B-9AC46285EF3E}.Debug|Any CPU.ActiveCfg = Debug|Any CPU
		{0237B7FB-4166-4FDA-9A0B-9AC46285EF3E}.Debug|Any CPU.Build.0 = Debug|Any CPU
		{0237B7FB-4166-4FDA-9A0B-9AC46285EF3E}.Release|Any CPU.ActiveCfg = Release|Any CPU
		{0237B7FB-4166-4FDA-9A0B-9AC46285EF3E}.Release|Any CPU.Build.0 = Release|Any CPU
		{58DE0927-E153-4535-A251-4A197A543D98}.Debug|Any CPU.ActiveCfg = Debug|Any CPU
		{58DE0927-E153-4535-A251-4A197A543D98}.Debug|Any CPU.Build.0 = Debug|Any CPU
		{58DE0927-E153-4535-A251-4A197A543D98}.Release|Any CPU.ActiveCfg = Release|Any CPU
		{58DE0927-E153-4535-A251-4A197A543D98}.Release|Any CPU.Build.0 = Release|Any CPU
		{FA8D28AF-92E6-4211-90C1-AEE8AA3A4D1A}.Debug|Any CPU.ActiveCfg = Debug|Any CPU
		{FA8D28AF-92E6-4211-90C1-AEE8AA3A4D1A}.Debug|Any CPU.Build.0 = Debug|Any CPU
		{FA8D28AF-92E6-4211-90C1-AEE8AA3A4D1A}.Release|Any CPU.ActiveCfg = Release|Any CPU
		{FA8D28AF-92E6-4211-90C1-AEE8AA3A4D1A}.Release|Any CPU.Build.0 = Release|Any CPU
	EndGlobalSection
	GlobalSection(SolutionProperties) = preSolution
		HideSolutionNode = FALSE
	EndGlobalSection
	GlobalSection(ExtensibilityGlobals) = postSolution
		SolutionGuid = {39A2EBC4-7B4E-4BBA-809E-F35979CC641E}
	EndGlobalSection
EndGlobal
